
Microsoft Visual Studio Solution File, Format Version 12.00
# Visual Studio Version 17
VisualStudioVersion = 17.6.33829.357
MinimumVisualStudioVersion = 10.0.40219.1
Project("{FAE04EC0-301F-11D3-BF4B-00C04F79EFBC}") = "BancoPOO", "BancoPOO\BancoPOO.csproj", "{576E551D-3DE3-4A57-8D4F-F6C7CF57DB03}"
EndProject
Global
	GlobalSection(SolutionConfigurationPlatforms) = preSolution
		Debug|Any CPU = Debug|Any CPU
		Release|Any CPU = Release|Any CPU
	EndGlobalSection
	GlobalSection(ProjectConfigurationPlatforms) = postSolution
		{576E551D-3DE3-4A57-8D4F-F6C7CF57DB03}.Debug|Any CPU.ActiveCfg = Debug|Any CPU
		{576E551D-3DE3-4A57-8D4F-F6C7CF57DB03}.Debug|Any CPU.Build.0 = Debug|Any CPU
		{576E551D-3DE3-4A57-8D4F-F6C7CF57DB03}.Release|Any CPU.ActiveCfg = Release|Any CPU
		{576E551D-3DE3-4A57-8D4F-F6C7CF57DB03}.Release|Any CPU.Build.0 = Release|Any CPU
	EndGlobalSection
	GlobalSection(SolutionProperties) = preSolution
		HideSolutionNode = FALSE
	EndGlobalSection
	GlobalSection(ExtensibilityGlobals) = postSolution
		SolutionGuid = {125681E0-330A-4D50-89A3-834BCE22EB1C}
	EndGlobalSection
EndGlobal
